
Microsoft Visual Studio Solution File, Format Version 12.00
# Visual Studio Version 17
VisualStudioVersion = 17.10.35004.147
MinimumVisualStudioVersion = 10.0.40219.1
Project("{FAE04EC0-301F-11D3-BF4B-00C04F79EFBC}") = "BlazorServer", "BlazorServer\BlazorServer.csproj", "{959F0B3A-1376-48E7-81BB-511548A147F3}"
EndProject
Project("{FAE04EC0-301F-11D3-BF4B-00C04F79EFBC}") = "ClientApp", "ClientApp\ClientApp.csproj", "{A8541B10-9DF8-4F82-A1D7-A1629CA8D277}"
EndProject
Global
	GlobalSection(SolutionConfigurationPlatforms) = preSolution
		Debug|Any CPU = Debug|Any CPU
		Release|Any CPU = Release|Any CPU
	EndGlobalSection
	GlobalSection(ProjectConfigurationPlatforms) = postSolution
		{959F0B3A-1376-48E7-81BB-511548A147F3}.Debug|Any CPU.ActiveCfg = Debug|Any CPU
		{959F0B3A-1376-48E7-81BB-511548A147F3}.Debug|Any CPU.Build.0 = Debug|Any CPU
		{959F0B3A-1376-48E7-81BB-511548A147F3}.Release|Any CPU.ActiveCfg = Release|Any CPU
		{959F0B3A-1376-48E7-81BB-511548A147F3}.Release|Any CPU.Build.0 = Release|Any CPU
		{A8541B10-9DF8-4F82-A1D7-A1629CA8D277}.Debug|Any CPU.ActiveCfg = Debug|Any CPU
		{A8541B10-9DF8-4F82-A1D7-A1629CA8D277}.Debug|Any CPU.Build.0 = Debug|Any CPU
		{A8541B10-9DF8-4F82-A1D7-A1629CA8D277}.Release|Any CPU.ActiveCfg = Release|Any CPU
		{A8541B10-9DF8-4F82-A1D7-A1629CA8D277}.Release|Any CPU.Build.0 = Release|Any CPU
	EndGlobalSection
	GlobalSection(SolutionProperties) = preSolution
		HideSolutionNode = FALSE
	EndGlobalSection
	GlobalSection(ExtensibilityGlobals) = postSolution
		SolutionGuid = {5B9D0171-516C-4E95-B279-53F01571E6E3}
	EndGlobalSection
EndGlobal
